
Microsoft Visual Studio Solution File, Format Version 12.00
# Visual Studio Version 17
VisualStudioVersion = 17.14.36301.6 d17.14
MinimumVisualStudioVersion = 10.0.40219.1
Project("{FAE04EC0-301F-11D3-BF4B-00C04F79EFBC}") = "AgenticAI", "AgenticAI.csproj", "{FCC422D1-1BA0-7353-C455-7F42BF25729C}"
EndProject
Global
	GlobalSection(SolutionConfigurationPlatforms) = preSolution
		Debug|Any CPU = Debug|Any CPU
		Release|Any CPU = Release|Any CPU
	EndGlobalSection
	GlobalSection(ProjectConfigurationPlatforms) = postSolution
		{FCC422D1-1BA0-7353-C455-7F42BF25729C}.Debug|Any CPU.ActiveCfg = Debug|Any CPU
		{FCC422D1-1BA0-7353-C455-7F42BF25729C}.Debug|Any CPU.Build.0 = Debug|Any CPU
		{FCC422D1-1BA0-7353-C455-7F42BF25729C}.Release|Any CPU.ActiveCfg = Release|Any CPU
		{FCC422D1-1BA0-7353-C455-7F42BF25729C}.Release|Any CPU.Build.0 = Release|Any CPU
	EndGlobalSection
	GlobalSection(SolutionProperties) = preSolution
		HideSolutionNode = FALSE
	EndGlobalSection
	GlobalSection(ExtensibilityGlobals) = postSolution
		SolutionGuid = {5939A1C2-C7EE-4C01-B6B8-87698F69C778}
	EndGlobalSection
EndGlobal
